
Microsoft Visual Studio Solution File, Format Version 12.00
# Visual Studio Version 16
VisualStudioVersion = 16.0.32510.428
MinimumVisualStudioVersion = 10.0.40219.1
Project("{888888A0-9F3D-457C-B088-3A5042F75D52}") = "ImageProc", "ImageProc.pyproj", "{C296D060-B839-4EF0-A97B-9DA6B6927364}"
EndProject
Global
	GlobalSection(SolutionConfigurationPlatforms) = preSolution
		Debug|Any CPU = Debug|Any CPU
		Release|Any CPU = Release|Any CPU
	EndGlobalSection
	GlobalSection(ProjectConfigurationPlatforms) = postSolution
		{C296D060-B839-4EF0-A97B-9DA6B6927364}.Debug|Any CPU.ActiveCfg = Debug|Any CPU
		{C296D060-B839-4EF0-A97B-9DA6B6927364}.Release|Any CPU.ActiveCfg = Release|Any CPU
	EndGlobalSection
	GlobalSection(SolutionProperties) = preSolution
		HideSolutionNode = FALSE
	EndGlobalSection
	GlobalSection(ExtensibilityGlobals) = postSolution
		SolutionGuid = {63DED6CF-F57F-4474-BC9E-0561C7CE0FAD}
	EndGlobalSection
EndGlobal
